
Microsoft Visual Studio Solution File, Format Version 12.00
# Visual Studio Version 16
VisualStudioVersion = 16.0.31105.61
MinimumVisualStudioVersion = 10.0.40219.1
Project("{9A19103F-16F7-4668-BE54-9A1E7A4F7556}") = "SmartWork", "SmartWork\SmartWork.csproj", "{F820EBC8-105A-46F8-A70A-15A298714553}"
EndProject
Project("{9A19103F-16F7-4668-BE54-9A1E7A4F7556}") = "SmartWork.Core", "SmartWork.Core\SmartWork.Core.csproj", "{D098DBAC-3AAF-4D53-9F27-4DA0370CAB41}"
EndProject
Project("{9A19103F-16F7-4668-BE54-9A1E7A4F7556}") = "SmartWork.Data", "SmartWork.Data\SmartWork.Data.csproj", "{BA7D546E-C254-4695-A6E1-E5FE1E46183A}"
EndProject
Project("{9A19103F-16F7-4668-BE54-9A1E7A4F7556}") = "SmartWork.BLL", "SmartWork.BLL\SmartWork.BLL.csproj", "{8F51CD95-FFB5-4664-99FE-ED1BC220F252}"
EndProject
Project("{FAE04EC0-301F-11D3-BF4B-00C04F79EFBC}") = "SmartWorkServerApi", "SmartWorkApi\SmartWorkServerApi.csproj", "{74298997-6F57-4D8E-97D5-1C1F99012C42}"
EndProject
Global
	GlobalSection(SolutionConfigurationPlatforms) = preSolution
		Debug|Any CPU = Debug|Any CPU
		Release|Any CPU = Release|Any CPU
	EndGlobalSection
	GlobalSection(ProjectConfigurationPlatforms) = postSolution
		{F820EBC8-105A-46F8-A70A-15A298714553}.Debug|Any CPU.ActiveCfg = Debug|Any CPU
		{F820EBC8-105A-46F8-A70A-15A298714553}.Debug|Any CPU.Build.0 = Debug|Any CPU
		{F820EBC8-105A-46F8-A70A-15A298714553}.Release|Any CPU.ActiveCfg = Release|Any CPU
		{F820EBC8-105A-46F8-A70A-15A298714553}.Release|Any CPU.Build.0 = Release|Any CPU
		{D098DBAC-3AAF-4D53-9F27-4DA0370CAB41}.Debug|Any CPU.ActiveCfg = Debug|Any CPU
		{D098DBAC-3AAF-4D53-9F27-4DA0370CAB41}.Debug|Any CPU.Build.0 = Debug|Any CPU
		{D098DBAC-3AAF-4D53-9F27-4DA0370CAB41}.Release|Any CPU.ActiveCfg = Release|Any CPU
		{D098DBAC-3AAF-4D53-9F27-4DA0370CAB41}.Release|Any CPU.Build.0 = Release|Any CPU
		{BA7D546E-C254-4695-A6E1-E5FE1E46183A}.Debug|Any CPU.ActiveCfg = Debug|Any CPU
		{BA7D546E-C254-4695-A6E1-E5FE1E46183A}.Debug|Any CPU.Build.0 = Debug|Any CPU
		{BA7D546E-C254-4695-A6E1-E5FE1E46183A}.Release|Any CPU.ActiveCfg = Release|Any CPU
		{BA7D546E-C254-4695-A6E1-E5FE1E46183A}.Release|Any CPU.Build.0 = Release|Any CPU
		{8F51CD95-FFB5-4664-99FE-ED1BC220F252}.Debug|Any CPU.ActiveCfg = Debug|Any CPU
		{8F51CD95-FFB5-4664-99FE-ED1BC220F252}.Debug|Any CPU.Build.0 = Debug|Any CPU
		{8F51CD95-FFB5-4664-99FE-ED1BC220F252}.Release|Any CPU.ActiveCfg = Release|Any CPU
		{8F51CD95-FFB5-4664-99FE-ED1BC220F252}.Release|Any CPU.Build.0 = Release|Any CPU
		{74298997-6F57-4D8E-97D5-1C1F99012C42}.Debug|Any CPU.ActiveCfg = Debug|Any CPU
		{74298997-6F57-4D8E-97D5-1C1F99012C42}.Debug|Any CPU.Build.0 = Debug|Any CPU
		{74298997-6F57-4D8E-97D5-1C1F99012C42}.Release|Any CPU.ActiveCfg = Release|Any CPU
		{74298997-6F57-4D8E-97D5-1C1F99012C42}.Release|Any CPU.Build.0 = Release|Any CPU
	EndGlobalSection
	GlobalSection(SolutionProperties) = preSolution
		HideSolutionNode = FALSE
	EndGlobalSection
	GlobalSection(ExtensibilityGlobals) = postSolution
		SolutionGuid = {36995577-EB17-412F-A2FA-6B58737ACDFD}
	EndGlobalSection
EndGlobal
