
Microsoft Visual Studio Solution File, Format Version 12.00
# Visual Studio Version 16
VisualStudioVersion = 16.0.31105.61
MinimumVisualStudioVersion = 10.0.40219.1
Project("{9A19103F-16F7-4668-BE54-9A1E7A4F7556}") = "SmartWork", "SmartWork.csproj", "{F820EBC8-105A-46F8-A70A-15A298714553}"
EndProject
Global
	GlobalSection(SolutionConfigurationPlatforms) = preSolution
		Debug|Any CPU = Debug|Any CPU
		Release|Any CPU = Release|Any CPU
	EndGlobalSection
	GlobalSection(ProjectConfigurationPlatforms) = postSolution
		{F820EBC8-105A-46F8-A70A-15A298714553}.Debug|Any CPU.ActiveCfg = Debug|Any CPU
		{F820EBC8-105A-46F8-A70A-15A298714553}.Debug|Any CPU.Build.0 = Debug|Any CPU
		{F820EBC8-105A-46F8-A70A-15A298714553}.Release|Any CPU.ActiveCfg = Release|Any CPU
		{F820EBC8-105A-46F8-A70A-15A298714553}.Release|Any CPU.Build.0 = Release|Any CPU
	EndGlobalSection
	GlobalSection(SolutionProperties) = preSolution
		HideSolutionNode = FALSE
	EndGlobalSection
	GlobalSection(ExtensibilityGlobals) = postSolution
		SolutionGuid = {36995577-EB17-412F-A2FA-6B58737ACDFD}
	EndGlobalSection
EndGlobal
